
Microsoft Visual Studio Solution File, Format Version 12.00
# Visual Studio 15
VisualStudioVersion = 15.0.26228.18
MinimumVisualStudioVersion = 10.0.40219.1
Project("{FAE04EC0-301F-11D3-BF4B-00C04F79EFBC}") = "MVCSAC", "MVCSAC\MVCSAC.csproj", "{91B6EFDB-2A05-479F-BC99-7B182791CDDA}"
EndProject
Global
	GlobalSection(SolutionConfigurationPlatforms) = preSolution
		Debug|Any CPU = Debug|Any CPU
		Release|Any CPU = Release|Any CPU
	EndGlobalSection
	GlobalSection(ProjectConfigurationPlatforms) = postSolution
		{91B6EFDB-2A05-479F-BC99-7B182791CDDA}.Debug|Any CPU.ActiveCfg = Debug|Any CPU
		{91B6EFDB-2A05-479F-BC99-7B182791CDDA}.Debug|Any CPU.Build.0 = Debug|Any CPU
		{91B6EFDB-2A05-479F-BC99-7B182791CDDA}.Release|Any CPU.ActiveCfg = Release|Any CPU
		{91B6EFDB-2A05-479F-BC99-7B182791CDDA}.Release|Any CPU.Build.0 = Release|Any CPU
	EndGlobalSection
	GlobalSection(SolutionProperties) = preSolution
		HideSolutionNode = FALSE
	EndGlobalSection
	GlobalSection(TeamFoundationVersionControl) = preSolution
		SccNumberOfProjects = 2
		SccEnterpriseProvider = {4CA58AB2-18FA-4F8D-95D4-32DDF27D184C}
		SccTeamFoundationServer = https://mauriciojunior.visualstudio.com/
		SccLocalPath0 = .
		SccProjectUniqueName1 = MVCSAC\\MVCSAC.csproj
		SccProjectName1 = MVCSAC
		SccLocalPath1 = MVCSAC
	EndGlobalSection
EndGlobal
